
Microsoft Visual Studio Solution File, Format Version 12.00
# Visual Studio Version 16
VisualStudioVersion = 16.0.31424.327
MinimumVisualStudioVersion = 10.0.40219.1
Project("{FAE04EC0-301F-11D3-BF4B-00C04F79EFBC}") = "LambdaFunctionT", "LambdaFunctionT\LambdaFunctionT.csproj", "{A1C68B12-CDAD-4E37-82A7-6A1EF9BCF04F}"
EndProject
Global
	GlobalSection(SolutionConfigurationPlatforms) = preSolution
		Debug|Any CPU = Debug|Any CPU
		Release|Any CPU = Release|Any CPU
	EndGlobalSection
	GlobalSection(ProjectConfigurationPlatforms) = postSolution
		{A1C68B12-CDAD-4E37-82A7-6A1EF9BCF04F}.Debug|Any CPU.ActiveCfg = Debug|Any CPU
		{A1C68B12-CDAD-4E37-82A7-6A1EF9BCF04F}.Debug|Any CPU.Build.0 = Debug|Any CPU
		{A1C68B12-CDAD-4E37-82A7-6A1EF9BCF04F}.Release|Any CPU.ActiveCfg = Release|Any CPU
		{A1C68B12-CDAD-4E37-82A7-6A1EF9BCF04F}.Release|Any CPU.Build.0 = Release|Any CPU
	EndGlobalSection
	GlobalSection(SolutionProperties) = preSolution
		HideSolutionNode = FALSE
	EndGlobalSection
	GlobalSection(ExtensibilityGlobals) = postSolution
		SolutionGuid = {4883CDB8-9E93-4762-A3E6-E0C18C06D5FC}
	EndGlobalSection
EndGlobal
